// !$*UTF8*$!
{
	archiveVersion = 1;
	classes = {
	};
	objectVersion = 56;
	objects = {

/* Begin PBXBuildFile section */
		7A27F716295E6F73007F015D /* AuthenticatorApp.swift in Sources */ = {isa = PBXBuildFile; fileRef = 7A27F715295E6F73007F015D /* AuthenticatorApp.swift */; };
		7A27F718295E6F73007F015D /* ContentView.swift in Sources */ = {isa = PBXBuildFile; fileRef = 7A27F717295E6F73007F015D /* ContentView.swift */; };
		7A27F71A295E6F74007F015D /* Assets.xcassets in Resources */ = {isa = PBXBuildFile; fileRef = 7A27F719295E6F74007F015D /* Assets.xcassets */; };
		7A27F71D295E6F74007F015D /* Preview Assets.xcassets in Resources */ = {isa = PBXBuildFile; fileRef = 7A27F71C295E6F74007F015D /* Preview Assets.xcassets */; };
		7A27F722295E6F74007F015D /* Authenticator.xcdatamodeld in Sources */ = {isa = PBXBuildFile; fileRef = 7A27F720295E6F74007F015D /* Authenticator.xcdatamodeld */; };
		7A27F72B295E732E007F015D /* CoreDataManager.swift in Sources */ = {isa = PBXBuildFile; fileRef = 7A27F72A295E732E007F015D /* CoreDataManager.swift */; };
		D0C514A01258A8AF566B86A8 /* Pods_Authenticator.framework in Frameworks */ = {isa = PBXBuildFile; fileRef = 5BAA74645DC15A909B9BEBB8 /* Pods_Authenticator.framework */; };
/* End PBXBuildFile section */

/* Begin PBXFileReference section */
		5BAA74645DC15A909B9BEBB8 /* Pods_Authenticator.framework */ = {isa = PBXFileReference; explicitFileType = wrapper.framework; includeInIndex = 0; path = Pods_Authenticator.framework; sourceTree = BUILT_PRODUCTS_DIR; };
		69A6AFB3ABC65E5A8AF38C76 /* Pods-Authenticator.release.xcconfig */ = {isa = PBXFileReference; includeInIndex = 1; lastKnownFileType = text.xcconfig; name = "Pods-Authenticator.release.xcconfig"; path = "Target Support Files/Pods-Authenticator/Pods-Authenticator.release.xcconfig"; sourceTree = "<group>"; };
		7A27F712295E6F73007F015D /* Authenticator.app */ = {isa = PBXFileReference; explicitFileType = wrapper.application; includeInIndex = 0; path = Authenticator.app; sourceTree = BUILT_PRODUCTS_DIR; };
		7A27F715295E6F73007F015D /* AuthenticatorApp.swift */ = {isa = PBXFileReference; lastKnownFileType = sourcecode.swift; path = AuthenticatorApp.swift; sourceTree = "<group>"; };
		7A27F717295E6F73007F015D /* ContentView.swift */ = {isa = PBXFileReference; lastKnownFileType = sourcecode.swift; path = ContentView.swift; sourceTree = "<group>"; };
		7A27F719295E6F74007F015D /* Assets.xcassets */ = {isa = PBXFileReference; lastKnownFileType = folder.assetcatalog; path = Assets.xcassets; sourceTree = "<group>"; };
		7A27F71C295E6F74007F015D /* Preview Assets.xcassets */ = {isa = PBXFileReference; lastKnownFileType = folder.assetcatalog; path = "Preview Assets.xcassets"; sourceTree = "<group>"; };
		7A27F721295E6F74007F015D /* Authenticator.xcdatamodel */ = {isa = PBXFileReference; lastKnownFileType = wrapper.xcdatamodel; path = Authenticator.xcdatamodel; sourceTree = "<group>"; };
		7A27F723295E6F74007F015D /* Authenticator.entitlements */ = {isa = PBXFileReference; lastKnownFileType = text.plist.entitlements; path = Authenticator.entitlements; sourceTree = "<group>"; };
		7A27F72A295E732E007F015D /* CoreDataManager.swift */ = {isa = PBXFileReference; lastKnownFileType = sourcecode.swift; path = CoreDataManager.swift; sourceTree = "<group>"; };
		F60B71E76733F93A5ABD1C8C /* Pods-Authenticator.debug.xcconfig */ = {isa = PBXFileReference; includeInIndex = 1; lastKnownFileType = text.xcconfig; name = "Pods-Authenticator.debug.xcconfig"; path = "Target Support Files/Pods-Authenticator/Pods-Authenticator.debug.xcconfig"; sourceTree = "<group>"; };
/* End PBXFileReference section */

/* Begin PBXFrameworksBuildPhase section */
		7A27F70F295E6F73007F015D /* Frameworks */ = {
			isa = PBXFrameworksBuildPhase;
			buildActionMask = 2147483647;
			files = (
				D0C514A01258A8AF566B86A8 /* Pods_Authenticator.framework in Frameworks */,
			);
			runOnlyForDeploymentPostprocessing = 0;
		};
/* End PBXFrameworksBuildPhase section */

/* Begin PBXGroup section */
		1FB965AD4E92CF570A246B0C /* Frameworks */ = {
			isa = PBXGroup;
			children = (
				5BAA74645DC15A909B9BEBB8 /* Pods_Authenticator.framework */,
			);
			name = Frameworks;
			sourceTree = "<group>";
		};
		7A27F709295E6F73007F015D = {
			isa = PBXGroup;
			children = (
				7A27F714295E6F73007F015D /* Authenticator */,
				7A27F713295E6F73007F015D /* Products */,
				84982381E3233B9E4D53B146 /* Pods */,
				1FB965AD4E92CF570A246B0C /* Frameworks */,
			);
			sourceTree = "<group>";
		};
		7A27F713295E6F73007F015D /* Products */ = {
			isa = PBXGroup;
			children = (
				7A27F712295E6F73007F015D /* Authenticator.app */,
			);
			name = Products;
			sourceTree = "<group>";
		};
		7A27F714295E6F73007F015D /* Authenticator */ = {
			isa = PBXGroup;
			children = (
				7A27F715295E6F73007F015D /* AuthenticatorApp.swift */,
				7A27F717295E6F73007F015D /* ContentView.swift */,
				7A27F729295E7312007F015D /* Managers */,
				7A27F723295E6F74007F015D /* Authenticator.entitlements */,
				7A27F720295E6F74007F015D /* Authenticator.xcdatamodeld */,
				7A27F719295E6F74007F015D /* Assets.xcassets */,
				7A27F71B295E6F74007F015D /* Preview Content */,
			);
			path = Authenticator;
			sourceTree = "<group>";
		};
		7A27F71B295E6F74007F015D /* Preview Content */ = {
			isa = PBXGroup;
			children = (
				7A27F71C295E6F74007F015D /* Preview Assets.xcassets */,
			);
			path = "Preview Content";
			sourceTree = "<group>";
		};
		7A27F729295E7312007F015D /* Managers */ = {
			isa = PBXGroup;
			children = (
				7A27F72A295E732E007F015D /* CoreDataManager.swift */,
			);
			path = Managers;
			sourceTree = "<group>";
		};
		84982381E3233B9E4D53B146 /* Pods */ = {
			isa = PBXGroup;
			children = (
				F60B71E76733F93A5ABD1C8C /* Pods-Authenticator.debug.xcconfig */,
				69A6AFB3ABC65E5A8AF38C76 /* Pods-Authenticator.release.xcconfig */,
			);
			name = Pods;
			path = Pods;
			sourceTree = "<group>";
		};
/* End PBXGroup section */

/* Begin PBXNativeTarget section */
		7A27F711295E6F73007F015D /* Authenticator */ = {
			isa = PBXNativeTarget;
			buildConfigurationList = 7A27F726295E6F74007F015D /* Build configuration list for PBXNativeTarget "Authenticator" */;
			buildPhases = (
				9056D8CFC561D6A5AEEEB0DC /* [CP] Check Pods Manifest.lock */,
				7A27F70E295E6F73007F015D /* Sources */,
				7A27F70F295E6F73007F015D /* Frameworks */,
				7A27F710295E6F73007F015D /* Resources */,
				095FF4C9C062C9FE7BB6F500 /* [CP] Embed Pods Frameworks */,
			);
			buildRules = (
			);
			dependencies = (
			);
			name = Authenticator;
			productName = Authenticator;
			productReference = 7A27F712295E6F73007F015D /* Authenticator.app */;
			productType = "com.apple.product-type.application";
		};
/* End PBXNativeTarget section */

/* Begin PBXProject section */
		7A27F70A295E6F73007F015D /* Project object */ = {
			isa = PBXProject;
			attributes = {
				BuildIndependentTargetsInParallel = 1;
				LastSwiftUpdateCheck = 1420;
				LastUpgradeCheck = 1420;
				TargetAttributes = {
					7A27F711295E6F73007F015D = {
						CreatedOnToolsVersion = 14.2;
					};
				};
			};
			buildConfigurationList = 7A27F70D295E6F73007F015D /* Build configuration list for PBXProject "Authenticator" */;
			compatibilityVersion = "Xcode 14.0";
			developmentRegion = en;
			hasScannedForEncodings = 0;
			knownRegions = (
				en,
				Base,
			);
			mainGroup = 7A27F709295E6F73007F015D;
			productRefGroup = 7A27F713295E6F73007F015D /* Products */;
			projectDirPath = "";
			projectRoot = "";
			targets = (
				7A27F711295E6F73007F015D /* Authenticator */,
			);
		};
/* End PBXProject section */

/* Begin PBXResourcesBuildPhase section */
		7A27F710295E6F73007F015D /* Resources */ = {
			isa = PBXResourcesBuildPhase;
			buildActionMask = 2147483647;
			files = (
				7A27F71D295E6F74007F015D /* Preview Assets.xcassets in Resources */,
				7A27F71A295E6F74007F015D /* Assets.xcassets in Resources */,
			);
			runOnlyForDeploymentPostprocessing = 0;
		};
/* End PBXResourcesBuildPhase section */

/* Begin PBXShellScriptBuildPhase section */
		095FF4C9C062C9FE7BB6F500 /* [CP] Embed Pods Frameworks */ = {
			isa = PBXShellScriptBuildPhase;
			buildActionMask = 2147483647;
			files = (
			);
			inputFileListPaths = (
				"${PODS_ROOT}/Target Support Files/Pods-Authenticator/Pods-Authenticator-frameworks-${CONFIGURATION}-input-files.xcfilelist",
			);
			name = "[CP] Embed Pods Frameworks";
			outputFileListPaths = (
				"${PODS_ROOT}/Target Support Files/Pods-Authenticator/Pods-Authenticator-frameworks-${CONFIGURATION}-output-files.xcfilelist",
			);
			runOnlyForDeploymentPostprocessing = 0;
			shellPath = /bin/sh;
			shellScript = "\"${PODS_ROOT}/Target Support Files/Pods-Authenticator/Pods-Authenticator-frameworks.sh\"\n";
			showEnvVarsInLog = 0;
		};
		9056D8CFC561D6A5AEEEB0DC /* [CP] Check Pods Manifest.lock */ = {
			isa = PBXShellScriptBuildPhase;
			buildActionMask = 2147483647;
			files = (
			);
			inputFileListPaths = (
			);
			inputPaths = (
				"${PODS_PODFILE_DIR_PATH}/Podfile.lock",
				"${PODS_ROOT}/Manifest.lock",
			);
			name = "[CP] Check Pods Manifest.lock";
			outputFileListPaths = (
			);
			outputPaths = (
				"$(DERIVED_FILE_DIR)/Pods-Authenticator-checkManifestLockResult.txt",
			);
			runOnlyForDeploymentPostprocessing = 0;
			shellPath = /bin/sh;
			shellScript = "diff \"${PODS_PODFILE_DIR_PATH}/Podfile.lock\" \"${PODS_ROOT}/Manifest.lock\" > /dev/null\nif [ $? != 0 ] ; then\n    # print error to STDERR\n    echo \"error: The sandbox is not in sync with the Podfile.lock. Run 'pod install' or update your CocoaPods installation.\" >&2\n    exit 1\nfi\n# This output is used by Xcode 'outputs' to avoid re-running this script phase.\necho \"SUCCESS\" > \"${SCRIPT_OUTPUT_FILE_0}\"\n";
			showEnvVarsInLog = 0;
		};
/* End PBXShellScriptBuildPhase section */

/* Begin PBXSourcesBuildPhase section */
		7A27F70E295E6F73007F015D /* Sources */ = {
			isa = PBXSourcesBuildPhase;
			buildActionMask = 2147483647;
			files = (
				7A27F722295E6F74007F015D /* Authenticator.xcdatamodeld in Sources */,
				7A27F718295E6F73007F015D /* ContentView.swift in Sources */,
				7A27F72B295E732E007F015D /* CoreDataManager.swift in Sources */,
				7A27F716295E6F73007F015D /* AuthenticatorApp.swift in Sources */,
			);
			runOnlyForDeploymentPostprocessing = 0;
		};
/* End PBXSourcesBuildPhase section */

/* Begin XCBuildConfiguration section */
		7A27F724295E6F74007F015D /* Debug */ = {
			isa = XCBuildConfiguration;
			buildSettings = {
				ALWAYS_SEARCH_USER_PATHS = NO;
				CLANG_ANALYZER_NONNULL = YES;
				CLANG_ANALYZER_NUMBER_OBJECT_CONVERSION = YES_AGGRESSIVE;
				CLANG_CXX_LANGUAGE_STANDARD = "gnu++20";
				CLANG_ENABLE_MODULES = YES;
				CLANG_ENABLE_OBJC_ARC = YES;
				CLANG_ENABLE_OBJC_WEAK = YES;
				CLANG_WARN_BLOCK_CAPTURE_AUTORELEASING = YES;
				CLANG_WARN_BOOL_CONVERSION = YES;
				CLANG_WARN_COMMA = YES;
				CLANG_WARN_CONSTANT_CONVERSION = YES;
				CLANG_WARN_DEPRECATED_OBJC_IMPLEMENTATIONS = YES;
				CLANG_WARN_DIRECT_OBJC_ISA_USAGE = YES_ERROR;
				CLANG_WARN_DOCUMENTATION_COMMENTS = YES;
				CLANG_WARN_EMPTY_BODY = YES;
				CLANG_WARN_ENUM_CONVERSION = YES;
				CLANG_WARN_INFINITE_RECURSION = YES;
				CLANG_WARN_INT_CONVERSION = YES;
				CLANG_WARN_NON_LITERAL_NULL_CONVERSION = YES;
				CLANG_WARN_OBJC_IMPLICIT_RETAIN_SELF = YES;
				CLANG_WARN_OBJC_LITERAL_CONVERSION = YES;
				CLANG_WARN_OBJC_ROOT_CLASS = YES_ERROR;
				CLANG_WARN_QUOTED_INCLUDE_IN_FRAMEWORK_HEADER = YES;
				CLANG_WARN_RANGE_LOOP_ANALYSIS = YES;
				CLANG_WARN_STRICT_PROTOTYPES = YES;
				CLANG_WARN_SUSPICIOUS_MOVE = YES;
				CLANG_WARN_UNGUARDED_AVAILABILITY = YES_AGGRESSIVE;
				CLANG_WARN_UNREACHABLE_CODE = YES;
				CLANG_WARN__DUPLICATE_METHOD_MATCH = YES;
				COPY_PHASE_STRIP = NO;
				DEBUG_INFORMATION_FORMAT = dwarf;
				ENABLE_STRICT_OBJC_MSGSEND = YES;
				ENABLE_TESTABILITY = YES;
				GCC_C_LANGUAGE_STANDARD = gnu11;
				GCC_DYNAMIC_NO_PIC = NO;
				GCC_NO_COMMON_BLOCKS = YES;
				GCC_OPTIMIZATION_LEVEL = 0;
				GCC_PREPROCESSOR_DEFINITIONS = (
					"DEBUG=1",
					"$(inherited)",
				);
				GCC_WARN_64_TO_32_BIT_CONVERSION = YES;
				GCC_WARN_ABOUT_RETURN_TYPE = YES_ERROR;
				GCC_WARN_UNDECLARED_SELECTOR = YES;
				GCC_WARN_UNINITIALIZED_AUTOS = YES_AGGRESSIVE;
				GCC_WARN_UNUSED_FUNCTION = YES;
				GCC_WARN_UNUSED_VARIABLE = YES;
				MACOSX_DEPLOYMENT_TARGET = 13.1;
				MTL_ENABLE_DEBUG_INFO = INCLUDE_SOURCE;
				MTL_FAST_MATH = YES;
				ONLY_ACTIVE_ARCH = YES;
				SDKROOT = macosx;
				SWIFT_ACTIVE_COMPILATION_CONDITIONS = DEBUG;
				SWIFT_OPTIMIZATION_LEVEL = "-Onone";
			};
			name = Debug;
		};
		7A27F725295E6F74007F015D /* Release */ = {
			isa = XCBuildConfiguration;
			buildSettings = {
				ALWAYS_SEARCH_USER_PATHS = NO;
				CLANG_ANALYZER_NONNULL = YES;
				CLANG_ANALYZER_NUMBER_OBJECT_CONVERSION = YES_AGGRESSIVE;
				CLANG_CXX_LANGUAGE_STANDARD = "gnu++20";
				CLANG_ENABLE_MODULES = YES;
				CLANG_ENABLE_OBJC_ARC = YES;
				CLANG_ENABLE_OBJC_WEAK = YES;
				CLANG_WARN_BLOCK_CAPTURE_AUTORELEASING = YES;
				CLANG_WARN_BOOL_CONVERSION = YES;
				CLANG_WARN_COMMA = YES;
				CLANG_WARN_CONSTANT_CONVERSION = YES;
				CLANG_WARN_DEPRECATED_OBJC_IMPLEMENTATIONS = YES;
				CLANG_WARN_DIRECT_OBJC_ISA_USAGE = YES_ERROR;
				CLANG_WARN_DOCUMENTATION_COMMENTS = YES;
				CLANG_WARN_EMPTY_BODY = YES;
				CLANG_WARN_ENUM_CONVERSION = YES;
				CLANG_WARN_INFINITE_RECURSION = YES;
				CLANG_WARN_INT_CONVERSION = YES;
				CLANG_WARN_NON_LITERAL_NULL_CONVERSION = YES;
				CLANG_WARN_OBJC_IMPLICIT_RETAIN_SELF = YES;
				CLANG_WARN_OBJC_LITERAL_CONVERSION = YES;
				CLANG_WARN_OBJC_ROOT_CLASS = YES_ERROR;
				CLANG_WARN_QUOTED_INCLUDE_IN_FRAMEWORK_HEADER = YES;
				CLANG_WARN_RANGE_LOOP_ANALYSIS = YES;
				CLANG_WARN_STRICT_PROTOTYPES = YES;
				CLANG_WARN_SUSPICIOUS_MOVE = YES;
				CLANG_WARN_UNGUARDED_AVAILABILITY = YES_AGGRESSIVE;
				CLANG_WARN_UNREACHABLE_CODE = YES;
				CLANG_WARN__DUPLICATE_METHOD_MATCH = YES;
				COPY_PHASE_STRIP = NO;
				DEBUG_INFORMATION_FORMAT = "dwarf-with-dsym";
				ENABLE_NS_ASSERTIONS = NO;
				ENABLE_STRICT_OBJC_MSGSEND = YES;
				GCC_C_LANGUAGE_STANDARD = gnu11;
				GCC_NO_COMMON_BLOCKS = YES;
				GCC_WARN_64_TO_32_BIT_CONVERSION = YES;
				GCC_WARN_ABOUT_RETURN_TYPE = YES_ERROR;
				GCC_WARN_UNDECLARED_SELECTOR = YES;
				GCC_WARN_UNINITIALIZED_AUTOS = YES_AGGRESSIVE;
				GCC_WARN_UNUSED_FUNCTION = YES;
				GCC_WARN_UNUSED_VARIABLE = YES;
				MACOSX_DEPLOYMENT_TARGET = 13.1;
				MTL_ENABLE_DEBUG_INFO = NO;
				MTL_FAST_MATH = YES;
				SDKROOT = macosx;
				SWIFT_COMPILATION_MODE = wholemodule;
				SWIFT_OPTIMIZATION_LEVEL = "-O";
			};
			name = Release;
		};
		7A27F727295E6F74007F015D /* Debug */ = {
			isa = XCBuildConfiguration;
			baseConfigurationReference = F60B71E76733F93A5ABD1C8C /* Pods-Authenticator.debug.xcconfig */;
			buildSettings = {
				ASSETCATALOG_COMPILER_APPICON_NAME = AppIcon;
				ASSETCATALOG_COMPILER_GLOBAL_ACCENT_COLOR_NAME = AccentColor;
				CODE_SIGN_ENTITLEMENTS = Authenticator/Authenticator.entitlements;
				CODE_SIGN_STYLE = Automatic;
				COMBINE_HIDPI_IMAGES = YES;
				CURRENT_PROJECT_VERSION = 1;
				DEVELOPMENT_ASSET_PATHS = "\"Authenticator/Preview Content\"";
				ENABLE_PREVIEWS = YES;
				GENERATE_INFOPLIST_FILE = YES;
				INFOPLIST_KEY_NSHumanReadableCopyright = "";
				LD_RUNPATH_SEARCH_PATHS = (
					"$(inherited)",
					"@executable_path/../Frameworks",
				);
				MARKETING_VERSION = 1.0;
				PRODUCT_BUNDLE_IDENTIFIER = com.explosion.Authenticator;
				PRODUCT_NAME = "$(TARGET_NAME)";
				SWIFT_EMIT_LOC_STRINGS = YES;
				SWIFT_VERSION = 5.0;
			};
			name = Debug;
		};
		7A27F728295E6F74007F015D /* Release */ = {
			isa = XCBuildConfiguration;
			baseConfigurationReference = 69A6AFB3ABC65E5A8AF38C76 /* Pods-Authenticator.release.xcconfig */;
			buildSettings = {
				ASSETCATALOG_COMPILER_APPICON_NAME = AppIcon;
				ASSETCATALOG_COMPILER_GLOBAL_ACCENT_COLOR_NAME = AccentColor;
				CODE_SIGN_ENTITLEMENTS = Authenticator/Authenticator.entitlements;
				CODE_SIGN_STYLE = Automatic;
				COMBINE_HIDPI_IMAGES = YES;
				CURRENT_PROJECT_VERSION = 1;
				DEVELOPMENT_ASSET_PATHS = "\"Authenticator/Preview Content\"";
				ENABLE_PREVIEWS = YES;
				GENERATE_INFOPLIST_FILE = YES;
				INFOPLIST_KEY_NSHumanReadableCopyright = "";
				LD_RUNPATH_SEARCH_PATHS = (
					"$(inherited)",
					"@executable_path/../Frameworks",
				);
				MARKETING_VERSION = 1.0;
				PRODUCT_BUNDLE_IDENTIFIER = com.explosion.Authenticator;
				PRODUCT_NAME = "$(TARGET_NAME)";
				SWIFT_EMIT_LOC_STRINGS = YES;
				SWIFT_VERSION = 5.0;
			};
			name = Release;
		};
/* End XCBuildConfiguration section */

/* Begin XCConfigurationList section */
		7A27F70D295E6F73007F015D /* Build configuration list for PBXProject "Authenticator" */ = {
			isa = XCConfigurationList;
			buildConfigurations = (
				7A27F724295E6F74007F015D /* Debug */,
				7A27F725295E6F74007F015D /* Release */,
			);
			defaultConfigurationIsVisible = 0;
			defaultConfigurationName = Release;
		};
		7A27F726295E6F74007F015D /* Build configuration list for PBXNativeTarget "Authenticator" */ = {
			isa = XCConfigurationList;
			buildConfigurations = (
				7A27F727295E6F74007F015D /* Debug */,
				7A27F728295E6F74007F015D /* Release */,
			);
			defaultConfigurationIsVisible = 0;
			defaultConfigurationName = Release;
		};
/* End XCConfigurationList section */

/* Begin XCVersionGroup section */
		7A27F720295E6F74007F015D /* Authenticator.xcdatamodeld */ = {
			isa = XCVersionGroup;
			children = (
				7A27F721295E6F74007F015D /* Authenticator.xcdatamodel */,
			);
			currentVersion = 7A27F721295E6F74007F015D /* Authenticator.xcdatamodel */;
			path = Authenticator.xcdatamodeld;
			sourceTree = "<group>";
			versionGroupType = wrapper.xcdatamodel;
		};
/* End XCVersionGroup section */
	};
	rootObject = 7A27F70A295E6F73007F015D /* Project object */;
}
